
Microsoft Visual Studio Solution File, Format Version 12.00
# Visual Studio Version 16
VisualStudioVersion = 16.0.29613.14
MinimumVisualStudioVersion = 10.0.40219.1
Project("{2150E333-8FDC-42A3-9474-1A3956D46DE8}") = ".root", ".root", "{CAAC4622-F900-4299-9B7B-5C53A2EB8670}"
	ProjectSection(SolutionItems) = preProject
		.editorconfig = .editorconfig
		.gitattributes = .gitattributes
		.gitignore = .gitignore
		CHANGES.md = CHANGES.md
		Coverlet.runsettings = Coverlet.runsettings
		Directory.Build.props = Directory.Build.props
		Directory.Build.targets = Directory.Build.targets
		GlobalAssemblyInfo.cs = GlobalAssemblyInfo.cs
		LICENSE.txt = LICENSE.txt
		Make.ps1 = Make.ps1
		README.md = README.md
	EndProjectSection
EndProject
Project("{9A19103F-16F7-4668-BE54-9A1E7A4F7556}") = "RSMassTransit.Client", "RSMassTransit.Client\RSMassTransit.Client.csproj", "{F0A95319-E362-44C3-BBA9-2C354CD2359C}"
EndProject
Project("{9A19103F-16F7-4668-BE54-9A1E7A4F7556}") = "RSMassTransit.Client.AzureServiceBus.Core", "RSMassTransit.Client.AzureServiceBus.Core\RSMassTransit.Client.AzureServiceBus.Core.csproj", "{91C72578-B4F5-418E-A695-911EE0D97156}"
	ProjectSection(ProjectDependencies) = postProject
		{F0A95319-E362-44C3-BBA9-2C354CD2359C} = {F0A95319-E362-44C3-BBA9-2C354CD2359C}
	EndProjectSection
EndProject
Project("{9A19103F-16F7-4668-BE54-9A1E7A4F7556}") = "RSMassTransit.Client.RabbitMQ", "RSMassTransit.Client.RabbitMQ\RSMassTransit.Client.RabbitMQ.csproj", "{89D2B946-010E-4089-B5EE-421CAF6B40C9}"
	ProjectSection(ProjectDependencies) = postProject
		{F0A95319-E362-44C3-BBA9-2C354CD2359C} = {F0A95319-E362-44C3-BBA9-2C354CD2359C}
	EndProjectSection
EndProject
Project("{9A19103F-16F7-4668-BE54-9A1E7A4F7556}") = "RSMassTransit.Client.Tests", "RSMassTransit.Client.Tests\RSMassTransit.Client.Tests.csproj", "{6C45E264-475F-401E-9CEE-C3D7327F24EC}"
	ProjectSection(ProjectDependencies) = postProject
		{F0A95319-E362-44C3-BBA9-2C354CD2359C} = {F0A95319-E362-44C3-BBA9-2C354CD2359C}
		{89D2B946-010E-4089-B5EE-421CAF6B40C9} = {89D2B946-010E-4089-B5EE-421CAF6B40C9}
	EndProjectSection
EndProject
Project("{2150E333-8FDC-42A3-9474-1A3956D46DE8}") = ".config", ".config", "{F8EEE54D-9C43-402C-B45C-FCD4360170DA}"
	ProjectSection(SolutionItems) = preProject
		.config\dotnet-tools.json = .config\dotnet-tools.json
	EndProjectSection
EndProject
Global
	GlobalSection(SolutionConfigurationPlatforms) = preSolution
		Debug|Any CPU = Debug|Any CPU
		Release|Any CPU = Release|Any CPU
	EndGlobalSection
	GlobalSection(ProjectConfigurationPlatforms) = postSolution
		{F0A95319-E362-44C3-BBA9-2C354CD2359C}.Debug|Any CPU.ActiveCfg = Debug|Any CPU
		{F0A95319-E362-44C3-BBA9-2C354CD2359C}.Debug|Any CPU.Build.0 = Debug|Any CPU
		{F0A95319-E362-44C3-BBA9-2C354CD2359C}.Release|Any CPU.ActiveCfg = Release|Any CPU
		{F0A95319-E362-44C3-BBA9-2C354CD2359C}.Release|Any CPU.Build.0 = Release|Any CPU
		{91C72578-B4F5-418E-A695-911EE0D97156}.Debug|Any CPU.ActiveCfg = Debug|Any CPU
		{91C72578-B4F5-418E-A695-911EE0D97156}.Debug|Any CPU.Build.0 = Debug|Any CPU
		{91C72578-B4F5-418E-A695-911EE0D97156}.Release|Any CPU.ActiveCfg = Release|Any CPU
		{91C72578-B4F5-418E-A695-911EE0D97156}.Release|Any CPU.Build.0 = Release|Any CPU
		{89D2B946-010E-4089-B5EE-421CAF6B40C9}.Debug|Any CPU.ActiveCfg = Debug|Any CPU
		{89D2B946-010E-4089-B5EE-421CAF6B40C9}.Debug|Any CPU.Build.0 = Debug|Any CPU
		{89D2B946-010E-4089-B5EE-421CAF6B40C9}.Release|Any CPU.ActiveCfg = Release|Any CPU
		{89D2B946-010E-4089-B5EE-421CAF6B40C9}.Release|Any CPU.Build.0 = Release|Any CPU
		{6C45E264-475F-401E-9CEE-C3D7327F24EC}.Debug|Any CPU.ActiveCfg = Debug|Any CPU
		{6C45E264-475F-401E-9CEE-C3D7327F24EC}.Debug|Any CPU.Build.0 = Debug|Any CPU
		{6C45E264-475F-401E-9CEE-C3D7327F24EC}.Release|Any CPU.ActiveCfg = Release|Any CPU
		{6C45E264-475F-401E-9CEE-C3D7327F24EC}.Release|Any CPU.Build.0 = Release|Any CPU
	EndGlobalSection
	GlobalSection(SolutionProperties) = preSolution
		HideSolutionNode = FALSE
	EndGlobalSection
	GlobalSection(NestedProjects) = preSolution
		{F8EEE54D-9C43-402C-B45C-FCD4360170DA} = {CAAC4622-F900-4299-9B7B-5C53A2EB8670}
	EndGlobalSection
	GlobalSection(ExtensibilityGlobals) = postSolution
		SolutionGuid = {CA55631C-5C76-401C-8809-C26E140A72BB}
	EndGlobalSection
EndGlobal
